[[package]]
name = "black"
version = "22.10.0"
description = "The uncompromising code formatter."
category = "dev"
optional = false
python-versions = ">=3.7"

[package.dependencies]
click = ">=8.0.0"
mypy-extensions = ">=0.4.3"
pathspec = ">=0.9.0"
platformdirs = ">=2"
tomli = {version = ">=1.1.0", markers = "python_full_version < \"3.11.0a7\""}

[package.extras]
colorama = ["colorama (>=0.4.3)"]
d = ["aiohttp (>=3.7.4)"]
jupyter = ["ipython (>=7.8.0)", "tokenize-rt (>=3.2.0)"]
uvloop = ["uvloop (>=0.15.2)"]

[[package]]
name = "click"
version = "8.1.3"
description = "Composable command line interface toolkit"
category = "dev"
optional = false
python-versions = ">=3.7"

[package.dependencies]
colorama = {version = "*", markers = "platform_system == \"Windows\""}

[[package]]
name = "colorama"
version = "0.4.5"
description = "Cross-platform colored terminal text."
category = "dev"
optional = false
python-versions = ">=2.7, !=3.0.*, !=3.1.*, !=3.2.*, !=3.3.*, !=3.4.*"

[[package]]
name = "flake8"
version = "5.0.4"
description = "the modular source code checker: pep8 pyflakes and co"
category = "dev"
optional = false
python-versions = ">=3.6.1"

[package.dependencies]
mccabe = ">=0.7.0,<0.8.0"
pycodestyle = ">=2.9.0,<2.10.0"
pyflakes = ">=2.5.0,<2.6.0"

[[package]]
name = "mccabe"
version = "0.7.0"
description = "McCabe checker, plugin for flake8"
category = "dev"
optional = false
python-versions = ">=3.6"

[[package]]
name = "mypy-extensions"
version = "0.4.3"
description = "Experimental type system extensions for programs checked with the mypy typechecker."
category = "dev"
optional = false
python-versions = "*"

[[package]]
name = "pathspec"
version = "0.10.1"
description = "Utility library for gitignore style pattern matching of file paths."
category = "dev"
optional = false
python-versions = ">=3.7"

[[package]]
name = "platformdirs"
version = "2.5.2"
description = "A small Python module for determining appropriate platform-specific dirs, e.g. a \"user data dir\"."
category = "dev"
optional = false
python-versions = ">=3.7"

[package.extras]
docs = ["furo (>=2021.7.5b38)", "proselint (>=0.10.2)", "sphinx-autodoc-typehints (>=1.12)", "sphinx (>=4)"]
test = ["appdirs (==1.4.4)", "pytest-cov (>=2.7)", "pytest-mock (>=3.6)", "pytest (>=6)"]

[[package]]
name = "pycodestyle"
version = "2.9.1"
description = "Python style guide checker"
category = "dev"
optional = false
python-versions = ">=3.6"

[[package]]
name = "pyflakes"
version = "2.5.0"
description = "passive checker of Python programs"
category = "dev"
optional = false
python-versions = ">=3.6"

[[package]]
name = "pymupdf"
version = "1.20.2"
description = "Python bindings for the PDF toolkit and renderer MuPDF"
category = "main"
optional = false
python-versions = ">=3.7"

[[package]]
name = "shapely"
version = "1.8.5.post1"
description = "Geometric objects, predicates, and operations"
category = "main"
optional = false
python-versions = ">=3.6"

[package.extras]
all = ["pytest", "pytest-cov", "numpy"]
test = ["pytest", "pytest-cov"]
vectorized = ["numpy"]

[[package]]
name = "tomli"
version = "2.0.1"
description = "A lil' TOML parser"
category = "dev"
optional = false
python-versions = ">=3.7"

[metadata]
lock-version = "1.1"
python-versions = "^3.10"
content-hash = "6b6bb5f214d178100ea1cd150a1a59f9094121adffc2ff9bfc575bfb5629bbeb"

[metadata.files]
black = [
    {file = "black-22.10.0-1fixedarch-cp310-cp310-macosx_11_0_x86_64.whl", hash = "sha256:5cc42ca67989e9c3cf859e84c2bf014f6633db63d1cbdf8fdb666dcd9e77e3fa"},
    {file = "black-22.10.0-1fixedarch-cp311-cp311-macosx_11_0_x86_64.whl", hash = "sha256:5d8f74030e67087b219b032aa33a919fae8806d49c867846bfacde57f43972ef"},
    {file = "black-22.10.0-1fixedarch-cp37-cp37m-macosx_10_16_x86_64.whl", hash = "sha256:197df8509263b0b8614e1df1756b1dd41be6738eed2ba9e9769f3880c2b9d7b6"},
    {file = "black-22.10.0-1fixedarch-cp38-cp38-macosx_10_16_x86_64.whl", hash = "sha256:2644b5d63633702bc2c5f3754b1b475378fbbfb481f62319388235d0cd104c2d"},
    {file = "black-22.10.0-1fixedarch-cp39-cp39-macosx_11_0_x86_64.whl", hash = "sha256:e41a86c6c650bcecc6633ee3180d80a025db041a8e2398dcc059b3afa8382cd4"},
    {file = "black-22.10.0-cp310-cp310-macosx_11_0_arm64.whl", hash = "sha256:2039230db3c6c639bd84efe3292ec7b06e9214a2992cd9beb293d639c6402edb"},
    {file = "black-22.10.0-cp310-cp310-manylinux_2_17_x86_64.manylinux2014_x86_64.whl", hash = "sha256:14ff67aec0a47c424bc99b71005202045dc09270da44a27848d534600ac64fc7"},
    {file = "black-22.10.0-cp310-cp310-win_amd64.whl", hash = "sha256:819dc789f4498ecc91438a7de64427c73b45035e2e3680c92e18795a839ebb66"},
    {file = "black-22.10.0-cp311-cp311-macosx_11_0_arm64.whl", hash = "sha256:5b9b29da4f564ba8787c119f37d174f2b69cdfdf9015b7d8c5c16121ddc054ae"},
    {file = "black-22.10.0-cp311-cp311-manylinux_2_17_x86_64.manylinux2014_x86_64.whl", hash = "sha256:b8b49776299fece66bffaafe357d929ca9451450f5466e997a7285ab0fe28e3b"},
    {file = "black-22.10.0-cp311-cp311-win_amd64.whl", hash = "sha256:21199526696b8f09c3997e2b4db8d0b108d801a348414264d2eb8eb2532e540d"},
    {file = "black-22.10.0-cp37-cp37m-manylinux_2_17_x86_64.manylinux2014_x86_64.whl", hash = "sha256:1e464456d24e23d11fced2bc8c47ef66d471f845c7b7a42f3bd77bf3d1789650"},
    {file = "black-22.10.0-cp37-cp37m-win_amd64.whl", hash = "sha256:9311e99228ae10023300ecac05be5a296f60d2fd10fff31cf5c1fa4ca4b1988d"},
    {file = "black-22.10.0-cp38-cp38-macosx_11_0_arm64.whl", hash = "sha256:fba8a281e570adafb79f7755ac8721b6cf1bbf691186a287e990c7929c7692ff"},
    {file = "black-22.10.0-cp38-cp38-manylinux_2_17_x86_64.manylinux2014_x86_64.whl", hash = "sha256:915ace4ff03fdfff953962fa672d44be269deb2eaf88499a0f8805221bc68c87"},
    {file = "black-22.10.0-cp38-cp38-win_amd64.whl", hash = "sha256:444ebfb4e441254e87bad00c661fe32df9969b2bf224373a448d8aca2132b395"},
    {file = "black-22.10.0-cp39-cp39-macosx_11_0_arm64.whl", hash = "sha256:974308c58d057a651d182208a484ce80a26dac0caef2895836a92dd6ebd725e0"},
    {file = "black-22.10.0-cp39-cp39-manylinux_2_17_x86_64.manylinux2014_x86_64.whl", hash = "sha256:72ef3925f30e12a184889aac03d77d031056860ccae8a1e519f6cbb742736383"},
    {file = "black-22.10.0-cp39-cp39-win_amd64.whl", hash = "sha256:432247333090c8c5366e69627ccb363bc58514ae3e63f7fc75c54b1ea80fa7de"},
    {file = "black-22.10.0-py3-none-any.whl", hash = "sha256:c957b2b4ea88587b46cf49d1dc17681c1e672864fd7af32fc1e9664d572b3458"},
    {file = "black-22.10.0.tar.gz", hash = "sha256:f513588da599943e0cde4e32cc9879e825d58720d6557062d1098c5ad80080e1"},
]
click = [
    {file = "click-8.1.3-py3-none-any.whl", hash = "sha256:bb4d8133cb15a609f44e8213d9b391b0809795062913b383c62be0ee95b1db48"},
    {file = "click-8.1.3.tar.gz", hash = "sha256:7682dc8afb30297001674575ea00d1814d808d6a36af415a82bd481d37ba7b8e"},
]
colorama = [
    {file = "colorama-0.4.5-py2.py3-none-any.whl", hash = "sha256:854bf444933e37f5824ae7bfc1e98d5bce2ebe4160d46b5edf346a89358e99da"},
    {file = "colorama-0.4.5.tar.gz", hash = "sha256:e6c6b4334fc50988a639d9b98aa429a0b57da6e17b9a44f0451f930b6967b7a4"},
]
flake8 = [
    {file = "flake8-5.0.4-py2.py3-none-any.whl", hash = "sha256:7a1cf6b73744f5806ab95e526f6f0d8c01c66d7bbe349562d22dfca20610b248"},
    {file = "flake8-5.0.4.tar.gz", hash = "sha256:6fbe320aad8d6b95cec8b8e47bc933004678dc63095be98528b7bdd2a9f510db"},
]
mccabe = [
    {file = "mccabe-0.7.0-py2.py3-none-any.whl", hash = "sha256:6c2d30ab6be0e4a46919781807b4f0d834ebdd6c6e3dca0bda5a15f863427b6e"},
    {file = "mccabe-0.7.0.tar.gz", hash = "sha256:348e0240c33b60bbdf4e523192ef919f28cb2c3d7d5c7794f74009290f236325"},
]
mypy-extensions = [
    {file = "mypy_extensions-0.4.3-py2.py3-none-any.whl", hash = "sha256:090fedd75945a69ae91ce1303b5824f428daf5a028d2f6ab8a299250a846f15d"},
    {file = "mypy_extensions-0.4.3.tar.gz", hash = "sha256:2d82818f5bb3e369420cb3c4060a7970edba416647068eb4c5343488a6c604a8"},
]
pathspec = [
    {file = "pathspec-0.10.1-py3-none-any.whl", hash = "sha256:46846318467efc4556ccfd27816e004270a9eeeeb4d062ce5e6fc7a87c573f93"},
    {file = "pathspec-0.10.1.tar.gz", hash = "sha256:7ace6161b621d31e7902eb6b5ae148d12cfd23f4a249b9ffb6b9fee12084323d"},
]
platformdirs = [
    {file = "platformdirs-2.5.2-py3-none-any.whl", hash = "sha256:027d8e83a2d7de06bbac4e5ef7e023c02b863d7ea5d079477e722bb41ab25788"},
    {file = "platformdirs-2.5.2.tar.gz", hash = "sha256:58c8abb07dcb441e6ee4b11d8df0ac856038f944ab98b7be6b27b2a3c7feef19"},
]
pycodestyle = [
    {file = "pycodestyle-2.9.1-py2.py3-none-any.whl", hash = "sha256:d1735fc58b418fd7c5f658d28d943854f8a849b01a5d0a1e6f3f3fdd0166804b"},
    {file = "pycodestyle-2.9.1.tar.gz", hash = "sha256:2c9607871d58c76354b697b42f5d57e1ada7d261c261efac224b664affdc5785"},
]
pyflakes = [
    {file = "pyflakes-2.5.0-py2.py3-none-any.whl", hash = "sha256:4579f67d887f804e67edb544428f264b7b24f435b263c4614f384135cea553d2"},
    {file = "pyflakes-2.5.0.tar.gz", hash = "sha256:491feb020dca48ccc562a8c0cbe8df07ee13078df59813b83959cbdada312ea3"},
]
pymupdf = [
    {file = "PyMuPDF-1.20.2-cp310-cp310-macosx_10_9_x86_64.whl", hash = "sha256:18077adb58b7004bb396f952d27c89c6bf5dc521b4056ba4f95772c7e900a57a"},
    {file = "PyMuPDF-1.20.2-cp310-cp310-manylinux_2_17_aarch64.manylinux2014_aarch64.whl", hash = "sha256:2a82438b44723e7dcb47d156cf0299fcf3d09e970ee469081c3f9d79b8c40ce3"},
    {file = "PyMuPDF-1.20.2-cp310-cp310-manylinux_2_17_x86_64.manylinux2014_x86_64.whl", hash = "sha256:73dbf73ac1c5cbf99dec903c98bc18eb30c8fe1d703ec5531296a5308700f001"},
    {file = "PyMuPDF-1.20.2-cp310-cp310-win32.whl", hash = "sha256:1df02cca0fbb64c3dce4d6094f9ad91991d768ebe0c0efdee85294c7959db7c3"},
    {file = "PyMuPDF-1.20.2-cp310-cp310-win_amd64.whl", hash = "sha256:8074f005d247bbb6b43c0c1eba2a316d97cbf8345b456d37ee97c9cd2a7398cc"},
    {file = "PyMuPDF-1.20.2-cp37-cp37m-macosx_10_9_x86_64.whl", hash = "sha256:4045847e830598269be448bda21dc8ea332fce974c4cf3b1b6ca0d6231f2de0d"},
    {file = "PyMuPDF-1.20.2-cp37-cp37m-manylinux_2_17_aarch64.manylinux2014_aarch64.whl", hash = "sha256:5824103cf2ea3b492cb5b3c66ab16d61db65363ebdfb7ed28a2af93cb48dee4f"},
    {file = "PyMuPDF-1.20.2-cp37-cp37m-manylinux_2_17_x86_64.manylinux2014_x86_64.whl", hash = "sha256:6c50b8408dbbb921cfce7145ac0ae0e150955f9b2deed8cdddf03e830ca1e6a2"},
    {file = "PyMuPDF-1.20.2-cp37-cp37m-win32.whl", hash = "sha256:1bd2004a64f110dac255a86ec45245f17e84d81cf6f8f67608e45455cd1b5697"},
    {file = "PyMuPDF-1.20.2-cp37-cp37m-win_amd64.whl", hash = "sha256:acadb4e61776cc2d6dd0196675db324411fccd64e8d68399dc8e6ca2cb943f49"},
    {file = "PyMuPDF-1.20.2-cp38-cp38-macosx_10_9_x86_64.whl", hash = "sha256:61b07f6c389c690f28c79830a14c294bbc1679bd31edc4b6a42511c415434cbd"},
    {file = "PyMuPDF-1.20.2-cp38-cp38-manylinux_2_17_aarch64.manylinux2014_aarch64.whl", hash = "sha256:7d29a7db4b15dcb7632bb6afa197f12f95244ab15f7c73ccb219e3f7df4e79fa"},
    {file = "PyMuPDF-1.20.2-cp38-cp38-manylinux_2_17_x86_64.manylinux2014_x86_64.whl", hash = "sha256:9f2897fb4160b5fe2f80739ca9e101677e5694b5dcfda8026b0eb0b7e2db5615"},
    {file = "PyMuPDF-1.20.2-cp38-cp38-win32.whl", hash = "sha256:2af5b16d2f7f78a8800906e30d650dbdbf38209e988e0796b57d1a938a59209a"},
    {file = "PyMuPDF-1.20.2-cp38-cp38-win_amd64.whl", hash = "sha256:071732c5139150f1f7ba95d25c0b69919dee8494adc88a914872da5272b974d7"},
    {file = "PyMuPDF-1.20.2-cp39-cp39-macosx_10_9_x86_64.whl", hash = "sha256:d5afa38414c3cf10daaa627f3fc7e8653efbbc2e5f58335a37e743a5c52698d0"},
    {file = "PyMuPDF-1.20.2-cp39-cp39-manylinux_2_17_aarch64.manylinux2014_aarch64.whl", hash = "sha256:bddf7d617fba1b345d9aee8d533888e340ffa3f784910453608bc5541089023c"},
    {file = "PyMuPDF-1.20.2-cp39-cp39-manylinux_2_17_x86_64.manylinux2014_x86_64.whl", hash = "sha256:5c0ee0df665849f8686981fcc8f836afac2302bb6a7aaf330e73fd5694017d9d"},
    {file = "PyMuPDF-1.20.2-cp39-cp39-win32.whl", hash = "sha256:e7214cf1870238d39ca008eda7c612b1db7228d7e913cb1a028e7a28175bef41"},
    {file = "PyMuPDF-1.20.2-cp39-cp39-win_amd64.whl", hash = "sha256:e9cb960e234498a4e91e4b56e2e71f4c56fd0045c7a71315df8e03a33212dbeb"},
    {file = "PyMuPDF-1.20.2.tar.gz", hash = "sha256:02eedf01f57c6bafb5e8667cea0088a2d2522643c47100f1908bec3a68a84888"},
]
shapely = [
    {file = "Shapely-1.8.5.post1-cp310-cp310-macosx_10_9_universal2.whl", hash = "sha256:d048f93e42ba578b82758c15d8ae037d08e69d91d9872bca5a1895b118f4e2b0"},
    {file = "Shapely-1.8.5.post1-cp310-cp310-macosx_10_9_x86_64.whl", hash = "sha256:99ab0ddc05e44acabdbe657c599fdb9b2d82e86c5493bdae216c0c4018a82dee"},
    {file = "Shapely-1.8.5.post1-cp310-cp310-macosx_11_0_arm64.whl", hash = "sha256:99a2f0da0109e81e0c101a2b4cd8412f73f5f299e7b5b2deaf64cd2a100ac118"},
    {file = "Shapely-1.8.5.post1-cp310-cp310-manylinux_2_12_i686.manylinux2010_i686.whl", hash = "sha256:6fe855e7d45685926b6ba00aaeb5eba5862611f7465775dacd527e081a8ced6d"},
    {file = "Shapely-1.8.5.post1-cp310-cp310-manylinux_2_12_x86_64.manylinux2010_x86_64.whl", hash = "sha256:ec14ceca36f67cb48b34d02d7f65a9acae15cd72b48e303531893ba4a960f3ea"},
    {file = "Shapely-1.8.5.post1-cp310-cp310-win32.whl", hash = "sha256:21776184516a16bf82a0c3d6d6a312b3cd15a4cabafc61ee01cf2714a82e8396"},
    {file = "Shapely-1.8.5.post1-cp310-cp310-win_amd64.whl", hash = "sha256:a354199219c8d836f280b88f2c5102c81bb044ccea45bd361dc38a79f3873714"},
    {file = "Shapely-1.8.5.post1-cp311-cp311-macosx_10_9_universal2.whl", hash = "sha256:783bad5f48e2708a0e2f695a34ed382e4162c795cb2f0368b39528ac1d6db7ed"},
    {file = "Shapely-1.8.5.post1-cp311-cp311-macosx_10_9_x86_64.whl", hash = "sha256:a23ef3882d6aa203dd3623a3d55d698f59bfbd9f8a3bfed52c2da05a7f0f8640"},
    {file = "Shapely-1.8.5.post1-cp311-cp311-macosx_11_0_arm64.whl", hash = "sha256:ab38f7b5196ace05725e407cb8cab9ff66edb8e6f7bb36a398e8f73f52a7aaa2"},
    {file = "Shapely-1.8.5.post1-cp311-cp311-manylinux_2_17_i686.manylinux2014_i686.whl", hash = "sha256:8d086591f744be483b34628b391d741e46f2645fe37594319e0a673cc2c26bcf"},
    {file = "Shapely-1.8.5.post1-cp311-cp311-manylinux_2_17_x86_64.manylinux2014_x86_64.whl", hash = "sha256:4728666fff8cccc65a07448cae72c75a8773fea061c3f4f139c44adc429b18c3"},
    {file = "Shapely-1.8.5.post1-cp311-cp311-win32.whl", hash = "sha256:84010db15eb364a52b74ea8804ef92a6a930dfc1981d17a369444b6ddec66efd"},
    {file = "Shapely-1.8.5.post1-cp311-cp311-win_amd64.whl", hash = "sha256:48dcfffb9e225c0481120f4bdf622131c8c95f342b00b158cdbe220edbbe20b6"},
    {file = "Shapely-1.8.5.post1-cp36-cp36m-macosx_10_9_x86_64.whl", hash = "sha256:2fd15397638df291c427a53d641d3e6fd60458128029c8c4f487190473a69a91"},
    {file = "Shapely-1.8.5.post1-cp36-cp36m-manylinux_2_12_i686.manylinux2010_i686.whl", hash = "sha256:a74631e511153366c6dbe3229fa93f877e3c87ea8369cd00f1d38c76b0ed9ace"},
    {file = "Shapely-1.8.5.post1-cp36-cp36m-manylinux_2_12_x86_64.manylinux2010_x86_64.whl", hash = "sha256:66bdac74fbd1d3458fa787191a90fa0ae610f09e2a5ec398c36f968cc0ed743f"},
    {file = "Shapely-1.8.5.post1-cp36-cp36m-win32.whl", hash = "sha256:6d388c0c1bd878ed1af4583695690aa52234b02ed35f93a1c8486ff52a555838"},
    {file = "Shapely-1.8.5.post1-cp36-cp36m-win_amd64.whl", hash = "sha256:be9423d5a3577ac2e92c7e758bd8a2b205f5e51a012177a590bc46fc51eb4834"},
    {file = "Shapely-1.8.5.post1-cp37-cp37m-macosx_10_9_x86_64.whl", hash = "sha256:5d7f85c2d35d39ff53c9216bc76b7641c52326f7e09aaad1789a3611a0f812f2"},
    {file = "Shapely-1.8.5.post1-cp37-cp37m-manylinux_2_12_i686.manylinux2010_i686.whl", hash = "sha256:adcf8a11b98af9375e32bff91de184f33a68dc48b9cb9becad4f132fa25cfa3c"},
    {file = "Shapely-1.8.5.post1-cp37-cp37m-manylinux_2_12_x86_64.manylinux2010_x86_64.whl", hash = "sha256:753ed0e21ab108bd4282405b9b659f2e985e8502b1a72b978eaa51d3496dee19"},
    {file = "Shapely-1.8.5.post1-cp37-cp37m-win32.whl", hash = "sha256:65b21243d8f6bcd421210daf1fabb9de84de2c04353c5b026173b88d17c1a581"},
    {file = "Shapely-1.8.5.post1-cp37-cp37m-win_amd64.whl", hash = "sha256:370b574c78dc5af3a198a6da5d9b3d7c04654bd2ef7e80e80a3a0992dfb2d9cd"},
    {file = "Shapely-1.8.5.post1-cp38-cp38-macosx_10_9_universal2.whl", hash = "sha256:532a55ee2a6c52d23d6f7d1567c8f0473635f3b270262c44e1b0c88096827e22"},
    {file = "Shapely-1.8.5.post1-cp38-cp38-macosx_10_9_x86_64.whl", hash = "sha256:3480657460e939f45a7d359ef0e172a081f249312557fe9aa78c4fd3a362d993"},
    {file = "Shapely-1.8.5.post1-cp38-cp38-macosx_11_0_arm64.whl", hash = "sha256:b65f5d530ba91e49ffc7c589255e878d2506a8b96ffce69d3b7c4500a9a9eaf8"},
    {file = "Shapely-1.8.5.post1-cp38-cp38-manylinux_2_12_i686.manylinux2010_i686.whl", hash = "sha256:147066da0be41b147a61f8eb805dea3b13709dbc873a431ccd7306e24d712bc0"},
    {file = "Shapely-1.8.5.post1-cp38-cp38-manylinux_2_12_x86_64.manylinux2010_x86_64.whl", hash = "sha256:c2822111ddc5bcfb116e6c663e403579d0fe3f147d2a97426011a191c43a7458"},
    {file = "Shapely-1.8.5.post1-cp38-cp38-win32.whl", hash = "sha256:2e0a8c2e55f1be1312b51c92b06462ea89e6bb703fab4b114e7a846d941cfc40"},
    {file = "Shapely-1.8.5.post1-cp38-cp38-win_amd64.whl", hash = "sha256:0d885cb0cf670c1c834df3f371de8726efdf711f18e2a75da5cfa82843a7ab65"},
    {file = "Shapely-1.8.5.post1-cp39-cp39-macosx_10_9_universal2.whl", hash = "sha256:0b4ee3132ee90f07d63db3aea316c4c065ed7a26231458dda0874414a09d6ba3"},
    {file = "Shapely-1.8.5.post1-cp39-cp39-macosx_10_9_x86_64.whl", hash = "sha256:02dd5d7dc6e46515d88874134dc8fcdc65826bca93c3eecee59d1910c42c1b17"},
    {file = "Shapely-1.8.5.post1-cp39-cp39-macosx_11_0_arm64.whl", hash = "sha256:c6a9a4a31cd6e86d0fbe8473ceed83d4fe760b19d949fb557ef668defafea0f6"},
    {file = "Shapely-1.8.5.post1-cp39-cp39-manylinux_2_12_i686.manylinux2010_i686.whl", hash = "sha256:38f0fbbcb8ca20c16451c966c1f527cc43968e121c8a048af19ed3e339a921cd"},
    {file = "Shapely-1.8.5.post1-cp39-cp39-manylinux_2_12_x86_64.manylinux2010_x86_64.whl", hash = "sha256:78fb9d929b8ee15cfd424b6c10879ce1907f24e05fb83310fc47d2cd27088e40"},
    {file = "Shapely-1.8.5.post1-cp39-cp39-win32.whl", hash = "sha256:8e59817b0fe63d34baedaabba8c393c0090f061917d18fc0bcc2f621937a8f73"},
    {file = "Shapely-1.8.5.post1-cp39-cp39-win_amd64.whl", hash = "sha256:e9c30b311de2513555ab02464ebb76115d242842b29c412f5a9aa0cac57be9f6"},
    {file = "Shapely-1.8.5.post1.tar.gz", hash = "sha256:ef3be705c3eac282a28058e6c6e5503419b250f482320df2172abcbea642c831"},
]
tomli = [
    {file = "tomli-2.0.1-py3-none-any.whl", hash = "sha256:939de3e7a6161af0c887ef91b7d41a53e7c5a1ca976325f429cb46ea9bc30ecc"},
    {file = "tomli-2.0.1.tar.gz", hash = "sha256:de526c12914f0c550d15924c62d72abc48d6fe7364aa87328337a31007fe8a4f"},
]
