# This file is automatically @generated by Poetry 1.4.2 and should not be changed by hand.

[[package]]
name = "black"
version = "22.12.0"
description = "The uncompromising code formatter."
category = "dev"
optional = false
python-versions = ">=3.7"
files = [
    {file = "black-22.12.0-cp310-cp310-manylinux_2_17_x86_64.manylinux2014_x86_64.whl", hash = "sha256:9eedd20838bd5d75b80c9f5487dbcb06836a43833a37846cf1d8c1cc01cef59d"},
    {file = "black-22.12.0-cp310-cp310-win_amd64.whl", hash = "sha256:159a46a4947f73387b4d83e87ea006dbb2337eab6c879620a3ba52699b1f4351"},
    {file = "black-22.12.0-cp311-cp311-manylinux_2_17_x86_64.manylinux2014_x86_64.whl", hash = "sha256:d30b212bffeb1e252b31dd269dfae69dd17e06d92b87ad26e23890f3efea366f"},
    {file = "black-22.12.0-cp311-cp311-win_amd64.whl", hash = "sha256:7412e75863aa5c5411886804678b7d083c7c28421210180d67dfd8cf1221e1f4"},
    {file = "black-22.12.0-cp37-cp37m-manylinux_2_17_x86_64.manylinux2014_x86_64.whl", hash = "sha256:c116eed0efb9ff870ded8b62fe9f28dd61ef6e9ddd28d83d7d264a38417dcee2"},
    {file = "black-22.12.0-cp37-cp37m-win_amd64.whl", hash = "sha256:1f58cbe16dfe8c12b7434e50ff889fa479072096d79f0a7f25e4ab8e94cd8350"},
    {file = "black-22.12.0-cp38-cp38-manylinux_2_17_x86_64.manylinux2014_x86_64.whl", hash = "sha256:77d86c9f3db9b1bf6761244bc0b3572a546f5fe37917a044e02f3166d5aafa7d"},
    {file = "black-22.12.0-cp38-cp38-win_amd64.whl", hash = "sha256:82d9fe8fee3401e02e79767016b4907820a7dc28d70d137eb397b92ef3cc5bfc"},
    {file = "black-22.12.0-cp39-cp39-manylinux_2_17_x86_64.manylinux2014_x86_64.whl", hash = "sha256:101c69b23df9b44247bd88e1d7e90154336ac4992502d4197bdac35dd7ee3320"},
    {file = "black-22.12.0-cp39-cp39-win_amd64.whl", hash = "sha256:559c7a1ba9a006226f09e4916060982fd27334ae1998e7a38b3f33a37f7a2148"},
    {file = "black-22.12.0-py3-none-any.whl", hash = "sha256:436cc9167dd28040ad90d3b404aec22cedf24a6e4d7de221bec2730ec0c97bcf"},
    {file = "black-22.12.0.tar.gz", hash = "sha256:229351e5a18ca30f447bf724d007f890f97e13af070bb6ad4c0a441cd7596a2f"},
]

[package.dependencies]
click = ">=8.0.0"
mypy-extensions = ">=0.4.3"
pathspec = ">=0.9.0"
platformdirs = ">=2"
tomli = {version = ">=1.1.0", markers = "python_full_version < \"3.11.0a7\""}

[package.extras]
colorama = ["colorama (>=0.4.3)"]
d = ["aiohttp (>=3.7.4)"]
jupyter = ["ipython (>=7.8.0)", "tokenize-rt (>=3.2.0)"]
uvloop = ["uvloop (>=0.15.2)"]

[[package]]
name = "click"
version = "8.1.6"
description = "Composable command line interface toolkit"
category = "dev"
optional = false
python-versions = ">=3.7"
files = [
    {file = "click-8.1.6-py3-none-any.whl", hash = "sha256:fa244bb30b3b5ee2cae3da8f55c9e5e0c0e86093306301fb418eb9dc40fbded5"},
    {file = "click-8.1.6.tar.gz", hash = "sha256:48ee849951919527a045bfe3bf7baa8a959c423134e1a5b98c05c20ba75a1cbd"},
]

[package.dependencies]
colorama = {version = "*", markers = "platform_system == \"Windows\""}

[[package]]
name = "colorama"
version = "0.4.6"
description = "Cross-platform colored terminal text."
category = "main"
optional = false
python-versions = "!=3.0.*,!=3.1.*,!=3.2.*,!=3.3.*,!=3.4.*,!=3.5.*,!=3.6.*,>=2.7"
files = [
    {file = "colorama-0.4.6-py2.py3-none-any.whl", hash = "sha256:4f1d9991f5acc0ca119f9d443620b77f9d6b33703e51011c16baf57afb285fc6"},
    {file = "colorama-0.4.6.tar.gz", hash = "sha256:08695f5cb7ed6e0531a20572697297273c47b8cae5a63ffc6d6ed5c201be6e44"},
]

[[package]]
name = "exceptiongroup"
version = "1.1.2"
description = "Backport of PEP 654 (exception groups)"
category = "main"
optional = false
python-versions = ">=3.7"
files = [
    {file = "exceptiongroup-1.1.2-py3-none-any.whl", hash = "sha256:e346e69d186172ca7cf029c8c1d16235aa0e04035e5750b4b95039e65204328f"},
    {file = "exceptiongroup-1.1.2.tar.gz", hash = "sha256:12c3e887d6485d16943a309616de20ae5582633e0a2eda17f4e10fd61c1e8af5"},
]

[package.extras]
test = ["pytest (>=6)"]

[[package]]
name = "flake8"
version = "6.0.0"
description = "the modular source code checker: pep8 pyflakes and co"
category = "dev"
optional = false
python-versions = ">=3.8.1"
files = [
    {file = "flake8-6.0.0-py2.py3-none-any.whl", hash = "sha256:3833794e27ff64ea4e9cf5d410082a8b97ff1a06c16aa3d2027339cd0f1195c7"},
    {file = "flake8-6.0.0.tar.gz", hash = "sha256:c61007e76655af75e6785a931f452915b371dc48f56efd765247c8fe68f2b181"},
]

[package.dependencies]
mccabe = ">=0.7.0,<0.8.0"
pycodestyle = ">=2.10.0,<2.11.0"
pyflakes = ">=3.0.0,<3.1.0"

[[package]]
name = "iniconfig"
version = "2.0.0"
description = "brain-dead simple config-ini parsing"
category = "main"
optional = false
python-versions = ">=3.7"
files = [
    {file = "iniconfig-2.0.0-py3-none-any.whl", hash = "sha256:b6a85871a79d2e3b22d2d1b94ac2824226a63c6b741c88f7ae975f18b6778374"},
    {file = "iniconfig-2.0.0.tar.gz", hash = "sha256:2d91e135bf72d31a410b17c16da610a82cb55f6b0477d1a902134b24a455b8b3"},
]

[[package]]
name = "mccabe"
version = "0.7.0"
description = "McCabe checker, plugin for flake8"
category = "dev"
optional = false
python-versions = ">=3.6"
files = [
    {file = "mccabe-0.7.0-py2.py3-none-any.whl", hash = "sha256:6c2d30ab6be0e4a46919781807b4f0d834ebdd6c6e3dca0bda5a15f863427b6e"},
    {file = "mccabe-0.7.0.tar.gz", hash = "sha256:348e0240c33b60bbdf4e523192ef919f28cb2c3d7d5c7794f74009290f236325"},
]

[[package]]
name = "mypy-extensions"
version = "1.0.0"
description = "Type system extensions for programs checked with the mypy type checker."
category = "dev"
optional = false
python-versions = ">=3.5"
files = [
    {file = "mypy_extensions-1.0.0-py3-none-any.whl", hash = "sha256:4392f6c0eb8a5668a69e23d168ffa70f0be9ccfd32b5cc2d26a34ae5b844552d"},
    {file = "mypy_extensions-1.0.0.tar.gz", hash = "sha256:75dbf8955dc00442a438fc4d0666508a9a97b6bd41aa2f0ffe9d2f2725af0782"},
]

[[package]]
name = "packaging"
version = "23.1"
description = "Core utilities for Python packages"
category = "main"
optional = false
python-versions = ">=3.7"
files = [
    {file = "packaging-23.1-py3-none-any.whl", hash = "sha256:994793af429502c4ea2ebf6bf664629d07c1a9fe974af92966e4b8d2df7edc61"},
    {file = "packaging-23.1.tar.gz", hash = "sha256:a392980d2b6cffa644431898be54b0045151319d1e7ec34f0cfed48767dd334f"},
]

[[package]]
name = "pathspec"
version = "0.11.1"
description = "Utility library for gitignore style pattern matching of file paths."
category = "dev"
optional = false
python-versions = ">=3.7"
files = [
    {file = "pathspec-0.11.1-py3-none-any.whl", hash = "sha256:d8af70af76652554bd134c22b3e8a1cc46ed7d91edcdd721ef1a0c51a84a5293"},
    {file = "pathspec-0.11.1.tar.gz", hash = "sha256:2798de800fa92780e33acca925945e9a19a133b715067cf165b8866c15a31687"},
]

[[package]]
name = "platformdirs"
version = "3.9.1"
description = "A small Python package for determining appropriate platform-specific dirs, e.g. a \"user data dir\"."
category = "dev"
optional = false
python-versions = ">=3.7"
files = [
    {file = "platformdirs-3.9.1-py3-none-any.whl", hash = "sha256:ad8291ae0ae5072f66c16945166cb11c63394c7a3ad1b1bc9828ca3162da8c2f"},
    {file = "platformdirs-3.9.1.tar.gz", hash = "sha256:1b42b450ad933e981d56e59f1b97495428c9bd60698baab9f3eb3d00d5822421"},
]

[package.extras]
docs = ["furo (>=2023.5.20)", "proselint (>=0.13)", "sphinx (>=7.0.1)", "sphinx-autodoc-typehints (>=1.23,!=1.23.4)"]
test = ["appdirs (==1.4.4)", "covdefaults (>=2.3)", "pytest (>=7.3.1)", "pytest-cov (>=4.1)", "pytest-mock (>=3.10)"]

[[package]]
name = "pluggy"
version = "1.2.0"
description = "plugin and hook calling mechanisms for python"
category = "main"
optional = false
python-versions = ">=3.7"
files = [
    {file = "pluggy-1.2.0-py3-none-any.whl", hash = "sha256:c2fd55a7d7a3863cba1a013e4e2414658b1d07b6bc57b3919e0c63c9abb99849"},
    {file = "pluggy-1.2.0.tar.gz", hash = "sha256:d12f0c4b579b15f5e054301bb226ee85eeeba08ffec228092f8defbaa3a4c4b3"},
]

[package.extras]
dev = ["pre-commit", "tox"]
testing = ["pytest", "pytest-benchmark"]

[[package]]
name = "pycodestyle"
version = "2.10.0"
description = "Python style guide checker"
category = "dev"
optional = false
python-versions = ">=3.6"
files = [
    {file = "pycodestyle-2.10.0-py2.py3-none-any.whl", hash = "sha256:8a4eaf0d0495c7395bdab3589ac2db602797d76207242c17d470186815706610"},
    {file = "pycodestyle-2.10.0.tar.gz", hash = "sha256:347187bdb476329d98f695c213d7295a846d1152ff4fe9bacb8a9590b8ee7053"},
]

[[package]]
name = "pyflakes"
version = "3.0.1"
description = "passive checker of Python programs"
category = "dev"
optional = false
python-versions = ">=3.6"
files = [
    {file = "pyflakes-3.0.1-py2.py3-none-any.whl", hash = "sha256:ec55bf7fe21fff7f1ad2f7da62363d749e2a470500eab1b555334b67aa1ef8cf"},
    {file = "pyflakes-3.0.1.tar.gz", hash = "sha256:ec8b276a6b60bd80defed25add7e439881c19e64850afd9b346283d4165fd0fd"},
]

[[package]]
name = "pymupdf"
version = "1.22.5"
description = "Python bindings for the PDF toolkit and renderer MuPDF"
category = "main"
optional = false
python-versions = ">=3.7"
files = [
    {file = "PyMuPDF-1.22.5-cp310-cp310-macosx_10_9_x86_64.whl", hash = "sha256:640b8e4cb116dd87a3c854e49808a4f63625e663a7bc5b1efc971db5b4775367"},
    {file = "PyMuPDF-1.22.5-cp310-cp310-macosx_11_0_arm64.whl", hash = "sha256:17efbbf0e2d99d24cfc302fac512928eb294f10b7b67d597d04dafd012812e4e"},
    {file = "PyMuPDF-1.22.5-cp310-cp310-manylinux_2_17_aarch64.manylinux2014_aarch64.whl", hash = "sha256:9bc9b9bf0f2beea3911750d2d66247608be8cbad33b7a050cacec9e4c105a1ca"},
    {file = "PyMuPDF-1.22.5-cp310-cp310-manylinux_2_17_x86_64.manylinux2014_x86_64.whl", hash = "sha256:e7734a32a91eea4b502b8f9d2915cdba0a372226e14fb983876d763110dcefef"},
    {file = "PyMuPDF-1.22.5-cp310-cp310-win32.whl", hash = "sha256:c2fd70ca9961f7871810dce1b7d0a42a69eb8ff2d786621123952bd505a6867e"},
    {file = "PyMuPDF-1.22.5-cp310-cp310-win_amd64.whl", hash = "sha256:add310c96df6933cfb4ce3821c9c7b5c133e8aa609a4c9416e1c7af546163488"},
    {file = "PyMuPDF-1.22.5-cp311-cp311-macosx_10_9_x86_64.whl", hash = "sha256:017aaba511526facfc928e9d95d2c10d28a2821b05b9039bf422031a7da8584e"},
    {file = "PyMuPDF-1.22.5-cp311-cp311-macosx_11_0_arm64.whl", hash = "sha256:6fe5e44a14864d921fb96669a82f9635846806176f77f1d73c61feb84ebf4d84"},
    {file = "PyMuPDF-1.22.5-cp311-cp311-manylinux_2_17_aarch64.manylinux2014_aarch64.whl", hash = "sha256:2e74d766f79e41e10c51865233042ab2cc4612ca7942812dca0603f4d0f8f73d"},
    {file = "PyMuPDF-1.22.5-cp311-cp311-manylinux_2_17_x86_64.manylinux2014_x86_64.whl", hash = "sha256:fe8175452fcc99a0af6429d8acd87682a3a70c5879d73532c7327f71ce508a35"},
    {file = "PyMuPDF-1.22.5-cp311-cp311-win32.whl", hash = "sha256:42f59f4999d7f8b35c850050bd965e98c081a7d9b92d5f9dcf30203b30d06876"},
    {file = "PyMuPDF-1.22.5-cp311-cp311-win_amd64.whl", hash = "sha256:3d71c47aa14b73f2df7d03be8c547a05df6c6898d8c63a0f752b26f206eefd3c"},
    {file = "PyMuPDF-1.22.5-cp37-cp37m-macosx_10_9_x86_64.whl", hash = "sha256:4bcad7ea4b3ab82c46fe8da27ec738d38c213ed9935ef67d98ed09574d9a234e"},
    {file = "PyMuPDF-1.22.5-cp37-cp37m-manylinux_2_17_aarch64.manylinux2014_aarch64.whl", hash = "sha256:7b04a83ddcb3f7c935c75a1f7f6050c85fe4062a2ea64c47ee6bda788d037761"},
    {file = "PyMuPDF-1.22.5-cp37-cp37m-manylinux_2_17_x86_64.manylinux2014_x86_64.whl", hash = "sha256:d02ee28663077f15d529b04d27588b174fa937daf73a294df279bbf70c468f5c"},
    {file = "PyMuPDF-1.22.5-cp37-cp37m-win32.whl", hash = "sha256:411fc35f6dae16ec940b6b0406e84be6ff29f93b30908ea1427e2a4bd594d4ba"},
    {file = "PyMuPDF-1.22.5-cp37-cp37m-win_amd64.whl", hash = "sha256:7c8c0f686865e330de90b93d53b100f7f07c2f10f5449ceb721121f459f7cc4a"},
    {file = "PyMuPDF-1.22.5-cp38-cp38-macosx_10_9_x86_64.whl", hash = "sha256:64ae9f81b8fe0a3e6386a24887a92736793479c5918ecac3b7deac2d02abf1f2"},
    {file = "PyMuPDF-1.22.5-cp38-cp38-macosx_11_0_arm64.whl", hash = "sha256:7562436dadf8382e59ac3739fbbf9d5b2d807fafc7f28cb884863430e0de6505"},
    {file = "PyMuPDF-1.22.5-cp38-cp38-manylinux_2_17_aarch64.manylinux2014_aarch64.whl", hash = "sha256:d0c22046e5f2cf0d72f9809a967340db1b238fefe58322896bc7c3f3d1d10b42"},
    {file = "PyMuPDF-1.22.5-cp38-cp38-manylinux_2_17_x86_64.manylinux2014_x86_64.whl", hash = "sha256:efa601dc4116c17a6b09255b031b5a1891e3ac18b50ec536452a725a6b75db8d"},
    {file = "PyMuPDF-1.22.5-cp38-cp38-win32.whl", hash = "sha256:3d0fe749e648f5245059d5f771fb50c1a988a1d2e82268b56377b2176a9fee5d"},
    {file = "PyMuPDF-1.22.5-cp38-cp38-win_amd64.whl", hash = "sha256:4fbc5bfe6ecc53929e3fd0db9846fb7da084ddb4b1fc1063857245fa783974d9"},
    {file = "PyMuPDF-1.22.5-cp39-cp39-macosx_10_9_x86_64.whl", hash = "sha256:87b36e0797ab7fbb7ef594c7a6e0febc7ffb4101a42ea796726a8288391a3769"},
    {file = "PyMuPDF-1.22.5-cp39-cp39-macosx_11_0_arm64.whl", hash = "sha256:01119edb7e4c3dd8c154d237b8ac927bd359eea8d31468f9a89aa308b5bca04e"},
    {file = "PyMuPDF-1.22.5-cp39-cp39-manylinux_2_17_aarch64.manylinux2014_aarch64.whl", hash = "sha256:fde02fcb387863873b56730f4b9f65515d87c92c12299f0f0a74b3ccdfe35062"},
    {file = "PyMuPDF-1.22.5-cp39-cp39-manylinux_2_17_x86_64.manylinux2014_x86_64.whl", hash = "sha256:30c55814bbf6461aef9b34cb524d1d14857d5ec6ccfbb78ecfb1d07dfc40eeb8"},
    {file = "PyMuPDF-1.22.5-cp39-cp39-win32.whl", hash = "sha256:0542178c3a399282903705a8cc298e7f33f4770605e0a9db344aff5d375bcf0b"},
    {file = "PyMuPDF-1.22.5-cp39-cp39-win_amd64.whl", hash = "sha256:f8ca46a6987e14f58ec8dfda2d2376bacd113c1fec5f58bebf90838bb4408ab9"},
    {file = "PyMuPDF-1.22.5.tar.gz", hash = "sha256:5ec8d5106752297529d0d68d46cfc4ce99914aabd99be843f1599a1842d63fe9"},
]

[[package]]
name = "pytest"
version = "7.4.0"
description = "pytest: simple powerful testing with Python"
category = "main"
optional = false
python-versions = ">=3.7"
files = [
    {file = "pytest-7.4.0-py3-none-any.whl", hash = "sha256:78bf16451a2eb8c7a2ea98e32dc119fd2aa758f1d5d66dbf0a59d69a3969df32"},
    {file = "pytest-7.4.0.tar.gz", hash = "sha256:b4bf8c45bd59934ed84001ad51e11b4ee40d40a1229d2c79f9c592b0a3f6bd8a"},
]

[package.dependencies]
colorama = {version = "*", markers = "sys_platform == \"win32\""}
exceptiongroup = {version = ">=1.0.0rc8", markers = "python_version < \"3.11\""}
iniconfig = "*"
packaging = "*"
pluggy = ">=0.12,<2.0"
tomli = {version = ">=1.0.0", markers = "python_version < \"3.11\""}

[package.extras]
testing = ["argcomplete", "attrs (>=19.2.0)", "hypothesis (>=3.56)", "mock", "nose", "pygments (>=2.7.2)", "requests", "setuptools", "xmlschema"]

[[package]]
name = "rmscene"
version = "0.4.0"
description = "Read v6 .rm files from the reMarkable tablet"
category = "main"
optional = false
python-versions = ">=3.10,<4.0"
files = [
    {file = "rmscene-0.4.0-py3-none-any.whl", hash = "sha256:d821de053939e0d20eeb99315ea05b5a547e6780f088a6f14b82ea4444c97692"},
    {file = "rmscene-0.4.0.tar.gz", hash = "sha256:ec37150a2c0d601c8f3f4e694d06872a5bbb413c6646e806ecdf4b28ba7ca10f"},
]

[package.dependencies]
packaging = ">=23.0,<24.0"

[[package]]
name = "shapely"
version = "1.8.5.post1"
description = "Geometric objects, predicates, and operations"
category = "main"
optional = false
python-versions = ">=3.6"
files = [
    {file = "Shapely-1.8.5.post1-cp310-cp310-macosx_10_9_universal2.whl", hash = "sha256:d048f93e42ba578b82758c15d8ae037d08e69d91d9872bca5a1895b118f4e2b0"},
    {file = "Shapely-1.8.5.post1-cp310-cp310-macosx_10_9_x86_64.whl", hash = "sha256:99ab0ddc05e44acabdbe657c599fdb9b2d82e86c5493bdae216c0c4018a82dee"},
    {file = "Shapely-1.8.5.post1-cp310-cp310-macosx_11_0_arm64.whl", hash = "sha256:99a2f0da0109e81e0c101a2b4cd8412f73f5f299e7b5b2deaf64cd2a100ac118"},
    {file = "Shapely-1.8.5.post1-cp310-cp310-manylinux_2_12_i686.manylinux2010_i686.whl", hash = "sha256:6fe855e7d45685926b6ba00aaeb5eba5862611f7465775dacd527e081a8ced6d"},
    {file = "Shapely-1.8.5.post1-cp310-cp310-manylinux_2_12_x86_64.manylinux2010_x86_64.whl", hash = "sha256:ec14ceca36f67cb48b34d02d7f65a9acae15cd72b48e303531893ba4a960f3ea"},
    {file = "Shapely-1.8.5.post1-cp310-cp310-manylinux_2_17_aarch64.manylinux2014_aarch64.whl", hash = "sha256:d8a2b2a65fa7f97115c1cd989fe9d6f39281ca2a8a014f1d4904c1a6e34d7f25"},
    {file = "Shapely-1.8.5.post1-cp310-cp310-win32.whl", hash = "sha256:21776184516a16bf82a0c3d6d6a312b3cd15a4cabafc61ee01cf2714a82e8396"},
    {file = "Shapely-1.8.5.post1-cp310-cp310-win_amd64.whl", hash = "sha256:a354199219c8d836f280b88f2c5102c81bb044ccea45bd361dc38a79f3873714"},
    {file = "Shapely-1.8.5.post1-cp311-cp311-macosx_10_9_universal2.whl", hash = "sha256:783bad5f48e2708a0e2f695a34ed382e4162c795cb2f0368b39528ac1d6db7ed"},
    {file = "Shapely-1.8.5.post1-cp311-cp311-macosx_10_9_x86_64.whl", hash = "sha256:a23ef3882d6aa203dd3623a3d55d698f59bfbd9f8a3bfed52c2da05a7f0f8640"},
    {file = "Shapely-1.8.5.post1-cp311-cp311-macosx_11_0_arm64.whl", hash = "sha256:ab38f7b5196ace05725e407cb8cab9ff66edb8e6f7bb36a398e8f73f52a7aaa2"},
    {file = "Shapely-1.8.5.post1-cp311-cp311-manylinux_2_17_i686.manylinux2014_i686.whl", hash = "sha256:8d086591f744be483b34628b391d741e46f2645fe37594319e0a673cc2c26bcf"},
    {file = "Shapely-1.8.5.post1-cp311-cp311-manylinux_2_17_x86_64.manylinux2014_x86_64.whl", hash = "sha256:4728666fff8cccc65a07448cae72c75a8773fea061c3f4f139c44adc429b18c3"},
    {file = "Shapely-1.8.5.post1-cp311-cp311-win32.whl", hash = "sha256:84010db15eb364a52b74ea8804ef92a6a930dfc1981d17a369444b6ddec66efd"},
    {file = "Shapely-1.8.5.post1-cp311-cp311-win_amd64.whl", hash = "sha256:48dcfffb9e225c0481120f4bdf622131c8c95f342b00b158cdbe220edbbe20b6"},
    {file = "Shapely-1.8.5.post1-cp36-cp36m-macosx_10_9_x86_64.whl", hash = "sha256:2fd15397638df291c427a53d641d3e6fd60458128029c8c4f487190473a69a91"},
    {file = "Shapely-1.8.5.post1-cp36-cp36m-manylinux_2_12_i686.manylinux2010_i686.whl", hash = "sha256:a74631e511153366c6dbe3229fa93f877e3c87ea8369cd00f1d38c76b0ed9ace"},
    {file = "Shapely-1.8.5.post1-cp36-cp36m-manylinux_2_12_x86_64.manylinux2010_x86_64.whl", hash = "sha256:66bdac74fbd1d3458fa787191a90fa0ae610f09e2a5ec398c36f968cc0ed743f"},
    {file = "Shapely-1.8.5.post1-cp36-cp36m-win32.whl", hash = "sha256:6d388c0c1bd878ed1af4583695690aa52234b02ed35f93a1c8486ff52a555838"},
    {file = "Shapely-1.8.5.post1-cp36-cp36m-win_amd64.whl", hash = "sha256:be9423d5a3577ac2e92c7e758bd8a2b205f5e51a012177a590bc46fc51eb4834"},
    {file = "Shapely-1.8.5.post1-cp37-cp37m-macosx_10_9_x86_64.whl", hash = "sha256:5d7f85c2d35d39ff53c9216bc76b7641c52326f7e09aaad1789a3611a0f812f2"},
    {file = "Shapely-1.8.5.post1-cp37-cp37m-manylinux_2_12_i686.manylinux2010_i686.whl", hash = "sha256:adcf8a11b98af9375e32bff91de184f33a68dc48b9cb9becad4f132fa25cfa3c"},
    {file = "Shapely-1.8.5.post1-cp37-cp37m-manylinux_2_12_x86_64.manylinux2010_x86_64.whl", hash = "sha256:753ed0e21ab108bd4282405b9b659f2e985e8502b1a72b978eaa51d3496dee19"},
    {file = "Shapely-1.8.5.post1-cp37-cp37m-win32.whl", hash = "sha256:65b21243d8f6bcd421210daf1fabb9de84de2c04353c5b026173b88d17c1a581"},
    {file = "Shapely-1.8.5.post1-cp37-cp37m-win_amd64.whl", hash = "sha256:370b574c78dc5af3a198a6da5d9b3d7c04654bd2ef7e80e80a3a0992dfb2d9cd"},
    {file = "Shapely-1.8.5.post1-cp38-cp38-macosx_10_9_universal2.whl", hash = "sha256:532a55ee2a6c52d23d6f7d1567c8f0473635f3b270262c44e1b0c88096827e22"},
    {file = "Shapely-1.8.5.post1-cp38-cp38-macosx_10_9_x86_64.whl", hash = "sha256:3480657460e939f45a7d359ef0e172a081f249312557fe9aa78c4fd3a362d993"},
    {file = "Shapely-1.8.5.post1-cp38-cp38-macosx_11_0_arm64.whl", hash = "sha256:b65f5d530ba91e49ffc7c589255e878d2506a8b96ffce69d3b7c4500a9a9eaf8"},
    {file = "Shapely-1.8.5.post1-cp38-cp38-manylinux_2_12_i686.manylinux2010_i686.whl", hash = "sha256:147066da0be41b147a61f8eb805dea3b13709dbc873a431ccd7306e24d712bc0"},
    {file = "Shapely-1.8.5.post1-cp38-cp38-manylinux_2_12_x86_64.manylinux2010_x86_64.whl", hash = "sha256:c2822111ddc5bcfb116e6c663e403579d0fe3f147d2a97426011a191c43a7458"},
    {file = "Shapely-1.8.5.post1-cp38-cp38-manylinux_2_17_aarch64.manylinux2014_aarch64.whl", hash = "sha256:4b47bb6f9369e8bf3e6dbd33e6a25a47ee02b2874792a529fe04a49bf8bc0df6"},
    {file = "Shapely-1.8.5.post1-cp38-cp38-win32.whl", hash = "sha256:2e0a8c2e55f1be1312b51c92b06462ea89e6bb703fab4b114e7a846d941cfc40"},
    {file = "Shapely-1.8.5.post1-cp38-cp38-win_amd64.whl", hash = "sha256:0d885cb0cf670c1c834df3f371de8726efdf711f18e2a75da5cfa82843a7ab65"},
    {file = "Shapely-1.8.5.post1-cp39-cp39-macosx_10_9_universal2.whl", hash = "sha256:0b4ee3132ee90f07d63db3aea316c4c065ed7a26231458dda0874414a09d6ba3"},
    {file = "Shapely-1.8.5.post1-cp39-cp39-macosx_10_9_x86_64.whl", hash = "sha256:02dd5d7dc6e46515d88874134dc8fcdc65826bca93c3eecee59d1910c42c1b17"},
    {file = "Shapely-1.8.5.post1-cp39-cp39-macosx_11_0_arm64.whl", hash = "sha256:c6a9a4a31cd6e86d0fbe8473ceed83d4fe760b19d949fb557ef668defafea0f6"},
    {file = "Shapely-1.8.5.post1-cp39-cp39-manylinux_2_12_i686.manylinux2010_i686.whl", hash = "sha256:38f0fbbcb8ca20c16451c966c1f527cc43968e121c8a048af19ed3e339a921cd"},
    {file = "Shapely-1.8.5.post1-cp39-cp39-manylinux_2_12_x86_64.manylinux2010_x86_64.whl", hash = "sha256:78fb9d929b8ee15cfd424b6c10879ce1907f24e05fb83310fc47d2cd27088e40"},
    {file = "Shapely-1.8.5.post1-cp39-cp39-manylinux_2_17_aarch64.manylinux2014_aarch64.whl", hash = "sha256:89164e7a9776a19e29f01369a98529321994e2e4d852b92b7e01d4d9804c55bf"},
    {file = "Shapely-1.8.5.post1-cp39-cp39-win32.whl", hash = "sha256:8e59817b0fe63d34baedaabba8c393c0090f061917d18fc0bcc2f621937a8f73"},
    {file = "Shapely-1.8.5.post1-cp39-cp39-win_amd64.whl", hash = "sha256:e9c30b311de2513555ab02464ebb76115d242842b29c412f5a9aa0cac57be9f6"},
    {file = "Shapely-1.8.5.post1.tar.gz", hash = "sha256:ef3be705c3eac282a28058e6c6e5503419b250f482320df2172abcbea642c831"},
]

[package.extras]
all = ["numpy", "pytest", "pytest-cov"]
test = ["pytest", "pytest-cov"]
vectorized = ["numpy"]

[[package]]
name = "tomli"
version = "2.0.1"
description = "A lil' TOML parser"
category = "main"
optional = false
python-versions = ">=3.7"
files = [
    {file = "tomli-2.0.1-py3-none-any.whl", hash = "sha256:939de3e7a6161af0c887ef91b7d41a53e7c5a1ca976325f429cb46ea9bc30ecc"},
    {file = "tomli-2.0.1.tar.gz", hash = "sha256:de526c12914f0c550d15924c62d72abc48d6fe7364aa87328337a31007fe8a4f"},
]

[metadata]
lock-version = "2.0"
python-versions = "^3.10"
content-hash = "846da8fce3f9d7e4f192c40f3838272a0badbb64729814808305e4e2a956c67d"
